
Microsoft Visual Studio Solution File, Format Version 12.00
# Visual Studio Version 17
VisualStudioVersion = 17.8.34408.163
MinimumVisualStudioVersion = 10.0.40219.1
Project("{2150E333-8FDC-42A3-9474-1A3956D46DE8}") = "Examples", "Examples", "{5EC49333-7D91-4572-8898-68C8FE3017C8}"
EndProject
Project("{2150E333-8FDC-42A3-9474-1A3956D46DE8}") = "Labs", "Labs", "{3A4BD069-D05E-4903-8428-4F63B61CF1A2}"
EndProject
Project("{2150E333-8FDC-42A3-9474-1A3956D46DE8}") = "Solutions", "Solutions", "{86569D5F-9374-4C4C-AA11-C085AFF01890}"
EndProject
Project("{8BC9CEB8-8B4A-11D0-8D11-00A0C91BC942}") = "modules", "examples\modules\modules.vcxproj", "{B4BEC4CA-DDB4-42D9-8E6D-75542BD719BA}"
EndProject
Project("{8BC9CEB8-8B4A-11D0-8D11-00A0C91BC942}") = "Templates", "examples\Templates\Templates.vcxproj", "{53B7CF62-ED6D-43A8-A5EC-5FA4AAA2AC5E}"
EndProject
Project("{8BC9CEB8-8B4A-11D0-8D11-00A0C91BC942}") = "ifinit", "examples\ifinit\ifinit.vcxproj", "{CD8E037E-7477-4AEE-B2C9-70D843571E22}"
EndProject
Project("{8BC9CEB8-8B4A-11D0-8D11-00A0C91BC942}") = "PayrollPart1", "Labs\PayrollPart1\PayrollPart1.vcxproj", "{63970181-E2AE-4597-8348-D77A883D2836}"
EndProject
Project("{8BC9CEB8-8B4A-11D0-8D11-00A0C91BC942}") = "PayrollPart1_solution", "Solutions\PayrollPart1\PayrollPart1_solution.vcxproj", "{7DE519A8-36D3-4C2B-8FBA-A365DF222947}"
EndProject
Project("{2150E333-8FDC-42A3-9474-1A3956D46DE8}") = "PayrollPart2", "PayrollPart2", "{ED233D84-548E-48CC-95D5-16F9469648B5}"
	ProjectSection(SolutionItems) = preProject
		Labs\PayrollPart2\Readme.md = Labs\PayrollPart2\Readme.md
	EndProjectSection
EndProject
Project("{8BC9CEB8-8B4A-11D0-8D11-00A0C91BC942}") = "PayrollPart2_solution", "Solutions\PayrollPart2\PayrollPart2_solution.vcxproj", "{65AB8CD4-B72D-4404-8D5C-E06E547DDF9A}"
EndProject
Project("{8BC9CEB8-8B4A-11D0-8D11-00A0C91BC942}") = "PayrollPart3", "Solutions\PayrollPart3\PayrollPart3.vcxproj", "{9C2AAC61-108D-486D-B798-3E1D93E5D4B4}"
EndProject
Project("{2150E333-8FDC-42A3-9474-1A3956D46DE8}") = "PayrollPart3", "PayrollPart3", "{A5DD4C71-5910-4918-A30E-87266E9C7A77}"
	ProjectSection(SolutionItems) = preProject
		Labs\PayrollPart3\Readme.md = Labs\PayrollPart3\Readme.md
	EndProjectSection
EndProject
Project("{2150E333-8FDC-42A3-9474-1A3956D46DE8}") = "PayrollPart4", "PayrollPart4", "{B63AA4B5-4B71-4CB3-8344-6F0D96A8497C}"
	ProjectSection(SolutionItems) = preProject
		Labs\PayrollPart4\Readme.md = Labs\PayrollPart4\Readme.md
	EndProjectSection
EndProject
Project("{2150E333-8FDC-42A3-9474-1A3956D46DE8}") = "PayrollPart5", "PayrollPart5", "{018635B6-72D5-4FBC-B9A5-32F91A04FFCC}"
	ProjectSection(SolutionItems) = preProject
		Labs\PayrollPart5\Readme.md = Labs\PayrollPart5\Readme.md
	EndProjectSection
EndProject
Project("{8BC9CEB8-8B4A-11D0-8D11-00A0C91BC942}") = "PayrollPart5", "Solutions\PayrollPart5\PayrollPart5.vcxproj", "{A35CE2A0-2553-4F3E-9F64-885411667777}"
EndProject
Project("{8BC9CEB8-8B4A-11D0-8D11-00A0C91BC942}") = "DIP", "examples\DIP\DIP.vcxproj", "{CFE22AE2-3BE5-441A-9815-2429191D1FEE}"
EndProject
Project("{2150E333-8FDC-42A3-9474-1A3956D46DE8}") = "PayrollPart6", "PayrollPart6", "{F1219327-ACAF-4A80-A48D-481043386EB3}"
	ProjectSection(SolutionItems) = preProject
		Labs\PayrollPart6\Readme.md = Labs\PayrollPart6\Readme.md
	EndProjectSection
EndProject
Project("{8BC9CEB8-8B4A-11D0-8D11-00A0C91BC942}") = "Folding", "examples\Folding\Folding.vcxproj", "{E94CF0BC-95E2-4806-9616-2737DE7DFE2F}"
EndProject
Project("{8BC9CEB8-8B4A-11D0-8D11-00A0C91BC942}") = "variance", "examples\variance\variance.vcxproj", "{2B7BC3F9-D272-429D-9B0B-4D15A4383E9A}"
EndProject
Project("{8BC9CEB8-8B4A-11D0-8D11-00A0C91BC942}") = "PayrollPart4", "Solutions\PayrollPart4\PayrollPart4.vcxproj", "{AAFDB04A-BED4-4D4B-99A2-4126A2CC2451}"
EndProject
Project("{8BC9CEB8-8B4A-11D0-8D11-00A0C91BC942}") = "PayrollPart6", "Solutions\PayrollPart6\PayrollPart6.vcxproj", "{DAA08195-4EF6-4696-B97D-977634D43747}"
EndProject
Project("{8BC9CEB8-8B4A-11D0-8D11-00A0C91BC942}") = "Factory", "Labs\Factory\Factory.vcxproj", "{97B4DD1C-2841-4C9D-AFB4-A21E300B09D9}"
EndProject
Project("{8BC9CEB8-8B4A-11D0-8D11-00A0C91BC942}") = "MoveCtorExample", "examples\MoveCtorExample\MoveCtorExample.vcxproj", "{9317A970-40EA-4F79-89B1-440A08DC2407}"
EndProject
Project("{8BC9CEB8-8B4A-11D0-8D11-00A0C91BC942}") = "Performance", "Performance\Performance.vcxproj", "{C01D339B-5BD5-4F9A-8A4F-E97D2A4D3C47}"
EndProject
Project("{8BC9CEB8-8B4A-11D0-8D11-00A0C91BC942}") = "OperatorOverload", "Labs\OperatorOverloading\OperatorOverloading.vcxproj", "{0587CC9C-FF97-46FB-9103-1F00A3A0BC27}"
EndProject
Project("{8BC9CEB8-8B4A-11D0-8D11-00A0C91BC942}") = "OperatorOverload", "Solutions\OperatorOverloading\OperatorOverloadingSolution.vcxproj", "{3F1F6CAB-3DF7-46CD-A91D-498E735EDEA3}"
EndProject
Project("{8BC9CEB8-8B4A-11D0-8D11-00A0C91BC942}") = "FactorySolution", "Solutions\Factory\FactorySolution.vcxproj", "{C46269B6-6143-4340-A8AF-6DFD249DD56E}"
EndProject
Project("{2150E333-8FDC-42A3-9474-1A3956D46DE8}") = "Lambda", "Lambda", "{C98EA9EB-4C27-4B71-A301-B6767A1DD8C9}"
	ProjectSection(SolutionItems) = preProject
		Labs\Lambda\Readme.md = Labs\Lambda\Readme.md
	EndProjectSection
EndProject
Project("{8BC9CEB8-8B4A-11D0-8D11-00A0C91BC942}") = "LambdaSolution", "Solutions\Lambda\LambdaSolution.vcxproj", "{73A23406-1A12-43FA-AD40-4F075094D714}"
EndProject
Project("{8BC9CEB8-8B4A-11D0-8D11-00A0C91BC942}") = "CompositePattern", "Solutions\CompositePattern\CompositePattern.vcxproj", "{6E300C91-A82B-40EF-84C4-93EC9634DB12}"
EndProject
Project("{2150E333-8FDC-42A3-9474-1A3956D46DE8}") = "Composite", "Composite", "{94FC2E03-2AF3-424B-ABE9-245468D2F862}"
	ProjectSection(SolutionItems) = preProject
		Labs\Composite\Readme.md = Labs\Composite\Readme.md
	EndProjectSection
EndProject
Project("{8BC9CEB8-8B4A-11D0-8D11-00A0C91BC942}") = "SmartPtrs", "Solutions\SmartPtrs\SmartPtrs.vcxproj", "{44C4A50F-B7D4-4857-A07E-1DA259496570}"
EndProject
Project("{2150E333-8FDC-42A3-9474-1A3956D46DE8}") = "SmartPtrs", "SmartPtrs", "{37D62EA3-55E1-43BD-97E1-C5D10939205A}"
	ProjectSection(SolutionItems) = preProject
		Labs\SmartPtrs\Readme.md = Labs\SmartPtrs\Readme.md
	EndProjectSection
EndProject
Project("{2150E333-8FDC-42A3-9474-1A3956D46DE8}") = "TemplateMethod", "TemplateMethod", "{C72FD918-0DBD-4C63-913E-081E584F966E}"
	ProjectSection(SolutionItems) = preProject
		Labs\TemplateMethod\Readme.md = Labs\TemplateMethod\Readme.md
	EndProjectSection
EndProject
Project("{8BC9CEB8-8B4A-11D0-8D11-00A0C91BC942}") = "TemplateMethodSolution", "Solutions\TemplateMethod\TemplateMethodSolution.vcxproj", "{C39DA0F3-02DA-4B32-89BF-5BA4E9A5D0B3}"
EndProject
Project("{8BC9CEB8-8B4A-11D0-8D11-00A0C91BC942}") = "SOLID", "SOLID\SOLID.vcxproj", "{BD60D8DE-7D91-48AB-93E6-A4DD0ACEF03F}"
EndProject
Global
	GlobalSection(SolutionConfigurationPlatforms) = preSolution
		Debug|x64 = Debug|x64
		Debug|x86 = Debug|x86
		Release|x64 = Release|x64
		Release|x86 = Release|x86
	EndGlobalSection
	GlobalSection(ProjectConfigurationPlatforms) = postSolution
		{B4BEC4CA-DDB4-42D9-8E6D-75542BD719BA}.Debug|x64.ActiveCfg = Debug|x64
		{B4BEC4CA-DDB4-42D9-8E6D-75542BD719BA}.Debug|x64.Build.0 = Debug|x64
		{B4BEC4CA-DDB4-42D9-8E6D-75542BD719BA}.Debug|x86.ActiveCfg = Debug|Win32
		{B4BEC4CA-DDB4-42D9-8E6D-75542BD719BA}.Debug|x86.Build.0 = Debug|Win32
		{B4BEC4CA-DDB4-42D9-8E6D-75542BD719BA}.Release|x64.ActiveCfg = Release|x64
		{B4BEC4CA-DDB4-42D9-8E6D-75542BD719BA}.Release|x64.Build.0 = Release|x64
		{B4BEC4CA-DDB4-42D9-8E6D-75542BD719BA}.Release|x86.ActiveCfg = Release|Win32
		{B4BEC4CA-DDB4-42D9-8E6D-75542BD719BA}.Release|x86.Build.0 = Release|Win32
		{53B7CF62-ED6D-43A8-A5EC-5FA4AAA2AC5E}.Debug|x64.ActiveCfg = Debug|x64
		{53B7CF62-ED6D-43A8-A5EC-5FA4AAA2AC5E}.Debug|x64.Build.0 = Debug|x64
		{53B7CF62-ED6D-43A8-A5EC-5FA4AAA2AC5E}.Debug|x86.ActiveCfg = Debug|Win32
		{53B7CF62-ED6D-43A8-A5EC-5FA4AAA2AC5E}.Debug|x86.Build.0 = Debug|Win32
		{53B7CF62-ED6D-43A8-A5EC-5FA4AAA2AC5E}.Release|x64.ActiveCfg = Release|x64
		{53B7CF62-ED6D-43A8-A5EC-5FA4AAA2AC5E}.Release|x64.Build.0 = Release|x64
		{53B7CF62-ED6D-43A8-A5EC-5FA4AAA2AC5E}.Release|x86.ActiveCfg = Release|Win32
		{53B7CF62-ED6D-43A8-A5EC-5FA4AAA2AC5E}.Release|x86.Build.0 = Release|Win32
		{CD8E037E-7477-4AEE-B2C9-70D843571E22}.Debug|x64.ActiveCfg = Debug|x64
		{CD8E037E-7477-4AEE-B2C9-70D843571E22}.Debug|x64.Build.0 = Debug|x64
		{CD8E037E-7477-4AEE-B2C9-70D843571E22}.Debug|x86.ActiveCfg = Debug|Win32
		{CD8E037E-7477-4AEE-B2C9-70D843571E22}.Debug|x86.Build.0 = Debug|Win32
		{CD8E037E-7477-4AEE-B2C9-70D843571E22}.Release|x64.ActiveCfg = Release|x64
		{CD8E037E-7477-4AEE-B2C9-70D843571E22}.Release|x64.Build.0 = Release|x64
		{CD8E037E-7477-4AEE-B2C9-70D843571E22}.Release|x86.ActiveCfg = Release|Win32
		{CD8E037E-7477-4AEE-B2C9-70D843571E22}.Release|x86.Build.0 = Release|Win32
		{63970181-E2AE-4597-8348-D77A883D2836}.Debug|x64.ActiveCfg = Debug|x64
		{63970181-E2AE-4597-8348-D77A883D2836}.Debug|x64.Build.0 = Debug|x64
		{63970181-E2AE-4597-8348-D77A883D2836}.Debug|x86.ActiveCfg = Debug|Win32
		{63970181-E2AE-4597-8348-D77A883D2836}.Debug|x86.Build.0 = Debug|Win32
		{63970181-E2AE-4597-8348-D77A883D2836}.Release|x64.ActiveCfg = Release|x64
		{63970181-E2AE-4597-8348-D77A883D2836}.Release|x64.Build.0 = Release|x64
		{63970181-E2AE-4597-8348-D77A883D2836}.Release|x86.ActiveCfg = Release|Win32
		{63970181-E2AE-4597-8348-D77A883D2836}.Release|x86.Build.0 = Release|Win32
		{7DE519A8-36D3-4C2B-8FBA-A365DF222947}.Debug|x64.ActiveCfg = Debug|x64
		{7DE519A8-36D3-4C2B-8FBA-A365DF222947}.Debug|x64.Build.0 = Debug|x64
		{7DE519A8-36D3-4C2B-8FBA-A365DF222947}.Debug|x86.ActiveCfg = Debug|Win32
		{7DE519A8-36D3-4C2B-8FBA-A365DF222947}.Debug|x86.Build.0 = Debug|Win32
		{7DE519A8-36D3-4C2B-8FBA-A365DF222947}.Release|x64.ActiveCfg = Release|x64
		{7DE519A8-36D3-4C2B-8FBA-A365DF222947}.Release|x64.Build.0 = Release|x64
		{7DE519A8-36D3-4C2B-8FBA-A365DF222947}.Release|x86.ActiveCfg = Release|Win32
		{7DE519A8-36D3-4C2B-8FBA-A365DF222947}.Release|x86.Build.0 = Release|Win32
		{65AB8CD4-B72D-4404-8D5C-E06E547DDF9A}.Debug|x64.ActiveCfg = Debug|x64
		{65AB8CD4-B72D-4404-8D5C-E06E547DDF9A}.Debug|x64.Build.0 = Debug|x64
		{65AB8CD4-B72D-4404-8D5C-E06E547DDF9A}.Debug|x86.ActiveCfg = Debug|Win32
		{65AB8CD4-B72D-4404-8D5C-E06E547DDF9A}.Debug|x86.Build.0 = Debug|Win32
		{65AB8CD4-B72D-4404-8D5C-E06E547DDF9A}.Release|x64.ActiveCfg = Release|x64
		{65AB8CD4-B72D-4404-8D5C-E06E547DDF9A}.Release|x64.Build.0 = Release|x64
		{65AB8CD4-B72D-4404-8D5C-E06E547DDF9A}.Release|x86.ActiveCfg = Release|Win32
		{65AB8CD4-B72D-4404-8D5C-E06E547DDF9A}.Release|x86.Build.0 = Release|Win32
		{9C2AAC61-108D-486D-B798-3E1D93E5D4B4}.Debug|x64.ActiveCfg = Debug|x64
		{9C2AAC61-108D-486D-B798-3E1D93E5D4B4}.Debug|x64.Build.0 = Debug|x64
		{9C2AAC61-108D-486D-B798-3E1D93E5D4B4}.Debug|x86.ActiveCfg = Debug|Win32
		{9C2AAC61-108D-486D-B798-3E1D93E5D4B4}.Debug|x86.Build.0 = Debug|Win32
		{9C2AAC61-108D-486D-B798-3E1D93E5D4B4}.Release|x64.ActiveCfg = Release|x64
		{9C2AAC61-108D-486D-B798-3E1D93E5D4B4}.Release|x64.Build.0 = Release|x64
		{9C2AAC61-108D-486D-B798-3E1D93E5D4B4}.Release|x86.ActiveCfg = Release|Win32
		{9C2AAC61-108D-486D-B798-3E1D93E5D4B4}.Release|x86.Build.0 = Release|Win32
		{A35CE2A0-2553-4F3E-9F64-885411667777}.Debug|x64.ActiveCfg = Debug|x64
		{A35CE2A0-2553-4F3E-9F64-885411667777}.Debug|x64.Build.0 = Debug|x64
		{A35CE2A0-2553-4F3E-9F64-885411667777}.Debug|x86.ActiveCfg = Debug|Win32
		{A35CE2A0-2553-4F3E-9F64-885411667777}.Debug|x86.Build.0 = Debug|Win32
		{A35CE2A0-2553-4F3E-9F64-885411667777}.Release|x64.ActiveCfg = Release|x64
		{A35CE2A0-2553-4F3E-9F64-885411667777}.Release|x64.Build.0 = Release|x64
		{A35CE2A0-2553-4F3E-9F64-885411667777}.Release|x86.ActiveCfg = Release|Win32
		{A35CE2A0-2553-4F3E-9F64-885411667777}.Release|x86.Build.0 = Release|Win32
		{CFE22AE2-3BE5-441A-9815-2429191D1FEE}.Debug|x64.ActiveCfg = Debug|x64
		{CFE22AE2-3BE5-441A-9815-2429191D1FEE}.Debug|x64.Build.0 = Debug|x64
		{CFE22AE2-3BE5-441A-9815-2429191D1FEE}.Debug|x86.ActiveCfg = Debug|Win32
		{CFE22AE2-3BE5-441A-9815-2429191D1FEE}.Debug|x86.Build.0 = Debug|Win32
		{CFE22AE2-3BE5-441A-9815-2429191D1FEE}.Release|x64.ActiveCfg = Release|x64
		{CFE22AE2-3BE5-441A-9815-2429191D1FEE}.Release|x64.Build.0 = Release|x64
		{CFE22AE2-3BE5-441A-9815-2429191D1FEE}.Release|x86.ActiveCfg = Release|Win32
		{CFE22AE2-3BE5-441A-9815-2429191D1FEE}.Release|x86.Build.0 = Release|Win32
		{E94CF0BC-95E2-4806-9616-2737DE7DFE2F}.Debug|x64.ActiveCfg = Debug|x64
		{E94CF0BC-95E2-4806-9616-2737DE7DFE2F}.Debug|x64.Build.0 = Debug|x64
		{E94CF0BC-95E2-4806-9616-2737DE7DFE2F}.Debug|x86.ActiveCfg = Debug|Win32
		{E94CF0BC-95E2-4806-9616-2737DE7DFE2F}.Debug|x86.Build.0 = Debug|Win32
		{E94CF0BC-95E2-4806-9616-2737DE7DFE2F}.Release|x64.ActiveCfg = Release|x64
		{E94CF0BC-95E2-4806-9616-2737DE7DFE2F}.Release|x64.Build.0 = Release|x64
		{E94CF0BC-95E2-4806-9616-2737DE7DFE2F}.Release|x86.ActiveCfg = Release|Win32
		{E94CF0BC-95E2-4806-9616-2737DE7DFE2F}.Release|x86.Build.0 = Release|Win32
		{2B7BC3F9-D272-429D-9B0B-4D15A4383E9A}.Debug|x64.ActiveCfg = Debug|x64
		{2B7BC3F9-D272-429D-9B0B-4D15A4383E9A}.Debug|x64.Build.0 = Debug|x64
		{2B7BC3F9-D272-429D-9B0B-4D15A4383E9A}.Debug|x86.ActiveCfg = Debug|Win32
		{2B7BC3F9-D272-429D-9B0B-4D15A4383E9A}.Debug|x86.Build.0 = Debug|Win32
		{2B7BC3F9-D272-429D-9B0B-4D15A4383E9A}.Release|x64.ActiveCfg = Release|x64
		{2B7BC3F9-D272-429D-9B0B-4D15A4383E9A}.Release|x64.Build.0 = Release|x64
		{2B7BC3F9-D272-429D-9B0B-4D15A4383E9A}.Release|x86.ActiveCfg = Release|Win32
		{2B7BC3F9-D272-429D-9B0B-4D15A4383E9A}.Release|x86.Build.0 = Release|Win32
		{AAFDB04A-BED4-4D4B-99A2-4126A2CC2451}.Debug|x64.ActiveCfg = Debug|x64
		{AAFDB04A-BED4-4D4B-99A2-4126A2CC2451}.Debug|x64.Build.0 = Debug|x64
		{AAFDB04A-BED4-4D4B-99A2-4126A2CC2451}.Debug|x86.ActiveCfg = Debug|Win32
		{AAFDB04A-BED4-4D4B-99A2-4126A2CC2451}.Debug|x86.Build.0 = Debug|Win32
		{AAFDB04A-BED4-4D4B-99A2-4126A2CC2451}.Release|x64.ActiveCfg = Release|x64
		{AAFDB04A-BED4-4D4B-99A2-4126A2CC2451}.Release|x64.Build.0 = Release|x64
		{AAFDB04A-BED4-4D4B-99A2-4126A2CC2451}.Release|x86.ActiveCfg = Release|Win32
		{AAFDB04A-BED4-4D4B-99A2-4126A2CC2451}.Release|x86.Build.0 = Release|Win32
		{DAA08195-4EF6-4696-B97D-977634D43747}.Debug|x64.ActiveCfg = Debug|x64
		{DAA08195-4EF6-4696-B97D-977634D43747}.Debug|x64.Build.0 = Debug|x64
		{DAA08195-4EF6-4696-B97D-977634D43747}.Debug|x86.ActiveCfg = Debug|Win32
		{DAA08195-4EF6-4696-B97D-977634D43747}.Debug|x86.Build.0 = Debug|Win32
		{DAA08195-4EF6-4696-B97D-977634D43747}.Release|x64.ActiveCfg = Release|x64
		{DAA08195-4EF6-4696-B97D-977634D43747}.Release|x64.Build.0 = Release|x64
		{DAA08195-4EF6-4696-B97D-977634D43747}.Release|x86.ActiveCfg = Release|Win32
		{DAA08195-4EF6-4696-B97D-977634D43747}.Release|x86.Build.0 = Release|Win32
		{97B4DD1C-2841-4C9D-AFB4-A21E300B09D9}.Debug|x64.ActiveCfg = Debug|x64
		{97B4DD1C-2841-4C9D-AFB4-A21E300B09D9}.Debug|x64.Build.0 = Debug|x64
		{97B4DD1C-2841-4C9D-AFB4-A21E300B09D9}.Debug|x86.ActiveCfg = Debug|Win32
		{97B4DD1C-2841-4C9D-AFB4-A21E300B09D9}.Debug|x86.Build.0 = Debug|Win32
		{97B4DD1C-2841-4C9D-AFB4-A21E300B09D9}.Release|x64.ActiveCfg = Release|x64
		{97B4DD1C-2841-4C9D-AFB4-A21E300B09D9}.Release|x64.Build.0 = Release|x64
		{97B4DD1C-2841-4C9D-AFB4-A21E300B09D9}.Release|x86.ActiveCfg = Release|Win32
		{97B4DD1C-2841-4C9D-AFB4-A21E300B09D9}.Release|x86.Build.0 = Release|Win32
		{9317A970-40EA-4F79-89B1-440A08DC2407}.Debug|x64.ActiveCfg = Debug|x64
		{9317A970-40EA-4F79-89B1-440A08DC2407}.Debug|x64.Build.0 = Debug|x64
		{9317A970-40EA-4F79-89B1-440A08DC2407}.Debug|x86.ActiveCfg = Debug|Win32
		{9317A970-40EA-4F79-89B1-440A08DC2407}.Debug|x86.Build.0 = Debug|Win32
		{9317A970-40EA-4F79-89B1-440A08DC2407}.Release|x64.ActiveCfg = Release|x64
		{9317A970-40EA-4F79-89B1-440A08DC2407}.Release|x64.Build.0 = Release|x64
		{9317A970-40EA-4F79-89B1-440A08DC2407}.Release|x86.ActiveCfg = Release|Win32
		{9317A970-40EA-4F79-89B1-440A08DC2407}.Release|x86.Build.0 = Release|Win32
		{C01D339B-5BD5-4F9A-8A4F-E97D2A4D3C47}.Debug|x64.ActiveCfg = Debug|x64
		{C01D339B-5BD5-4F9A-8A4F-E97D2A4D3C47}.Debug|x64.Build.0 = Debug|x64
		{C01D339B-5BD5-4F9A-8A4F-E97D2A4D3C47}.Debug|x86.ActiveCfg = Debug|Win32
		{C01D339B-5BD5-4F9A-8A4F-E97D2A4D3C47}.Debug|x86.Build.0 = Debug|Win32
		{C01D339B-5BD5-4F9A-8A4F-E97D2A4D3C47}.Release|x64.ActiveCfg = Release|x64
		{C01D339B-5BD5-4F9A-8A4F-E97D2A4D3C47}.Release|x64.Build.0 = Release|x64
		{C01D339B-5BD5-4F9A-8A4F-E97D2A4D3C47}.Release|x86.ActiveCfg = Release|Win32
		{C01D339B-5BD5-4F9A-8A4F-E97D2A4D3C47}.Release|x86.Build.0 = Release|Win32
		{0587CC9C-FF97-46FB-9103-1F00A3A0BC27}.Debug|x64.ActiveCfg = Debug|x64
		{0587CC9C-FF97-46FB-9103-1F00A3A0BC27}.Debug|x64.Build.0 = Debug|x64
		{0587CC9C-FF97-46FB-9103-1F00A3A0BC27}.Debug|x86.ActiveCfg = Debug|Win32
		{0587CC9C-FF97-46FB-9103-1F00A3A0BC27}.Debug|x86.Build.0 = Debug|Win32
		{0587CC9C-FF97-46FB-9103-1F00A3A0BC27}.Release|x64.ActiveCfg = Release|x64
		{0587CC9C-FF97-46FB-9103-1F00A3A0BC27}.Release|x64.Build.0 = Release|x64
		{0587CC9C-FF97-46FB-9103-1F00A3A0BC27}.Release|x86.ActiveCfg = Release|Win32
		{0587CC9C-FF97-46FB-9103-1F00A3A0BC27}.Release|x86.Build.0 = Release|Win32
		{3F1F6CAB-3DF7-46CD-A91D-498E735EDEA3}.Debug|x64.ActiveCfg = Debug|x64
		{3F1F6CAB-3DF7-46CD-A91D-498E735EDEA3}.Debug|x64.Build.0 = Debug|x64
		{3F1F6CAB-3DF7-46CD-A91D-498E735EDEA3}.Debug|x86.ActiveCfg = Debug|Win32
		{3F1F6CAB-3DF7-46CD-A91D-498E735EDEA3}.Debug|x86.Build.0 = Debug|Win32
		{3F1F6CAB-3DF7-46CD-A91D-498E735EDEA3}.Release|x64.ActiveCfg = Release|x64
		{3F1F6CAB-3DF7-46CD-A91D-498E735EDEA3}.Release|x64.Build.0 = Release|x64
		{3F1F6CAB-3DF7-46CD-A91D-498E735EDEA3}.Release|x86.ActiveCfg = Release|Win32
		{3F1F6CAB-3DF7-46CD-A91D-498E735EDEA3}.Release|x86.Build.0 = Release|Win32
		{C46269B6-6143-4340-A8AF-6DFD249DD56E}.Debug|x64.ActiveCfg = Debug|x64
		{C46269B6-6143-4340-A8AF-6DFD249DD56E}.Debug|x64.Build.0 = Debug|x64
		{C46269B6-6143-4340-A8AF-6DFD249DD56E}.Debug|x86.ActiveCfg = Debug|Win32
		{C46269B6-6143-4340-A8AF-6DFD249DD56E}.Debug|x86.Build.0 = Debug|Win32
		{C46269B6-6143-4340-A8AF-6DFD249DD56E}.Release|x64.ActiveCfg = Release|x64
		{C46269B6-6143-4340-A8AF-6DFD249DD56E}.Release|x64.Build.0 = Release|x64
		{C46269B6-6143-4340-A8AF-6DFD249DD56E}.Release|x86.ActiveCfg = Release|Win32
		{C46269B6-6143-4340-A8AF-6DFD249DD56E}.Release|x86.Build.0 = Release|Win32
		{73A23406-1A12-43FA-AD40-4F075094D714}.Debug|x64.ActiveCfg = Debug|x64
		{73A23406-1A12-43FA-AD40-4F075094D714}.Debug|x64.Build.0 = Debug|x64
		{73A23406-1A12-43FA-AD40-4F075094D714}.Debug|x86.ActiveCfg = Debug|Win32
		{73A23406-1A12-43FA-AD40-4F075094D714}.Debug|x86.Build.0 = Debug|Win32
		{73A23406-1A12-43FA-AD40-4F075094D714}.Release|x64.ActiveCfg = Release|x64
		{73A23406-1A12-43FA-AD40-4F075094D714}.Release|x64.Build.0 = Release|x64
		{73A23406-1A12-43FA-AD40-4F075094D714}.Release|x86.ActiveCfg = Release|Win32
		{73A23406-1A12-43FA-AD40-4F075094D714}.Release|x86.Build.0 = Release|Win32
		{6E300C91-A82B-40EF-84C4-93EC9634DB12}.Debug|x64.ActiveCfg = Debug|x64
		{6E300C91-A82B-40EF-84C4-93EC9634DB12}.Debug|x64.Build.0 = Debug|x64
		{6E300C91-A82B-40EF-84C4-93EC9634DB12}.Debug|x86.ActiveCfg = Debug|Win32
		{6E300C91-A82B-40EF-84C4-93EC9634DB12}.Debug|x86.Build.0 = Debug|Win32
		{6E300C91-A82B-40EF-84C4-93EC9634DB12}.Release|x64.ActiveCfg = Release|x64
		{6E300C91-A82B-40EF-84C4-93EC9634DB12}.Release|x64.Build.0 = Release|x64
		{6E300C91-A82B-40EF-84C4-93EC9634DB12}.Release|x86.ActiveCfg = Release|Win32
		{6E300C91-A82B-40EF-84C4-93EC9634DB12}.Release|x86.Build.0 = Release|Win32
		{44C4A50F-B7D4-4857-A07E-1DA259496570}.Debug|x64.ActiveCfg = Debug|x64
		{44C4A50F-B7D4-4857-A07E-1DA259496570}.Debug|x64.Build.0 = Debug|x64
		{44C4A50F-B7D4-4857-A07E-1DA259496570}.Debug|x86.ActiveCfg = Debug|Win32
		{44C4A50F-B7D4-4857-A07E-1DA259496570}.Debug|x86.Build.0 = Debug|Win32
		{44C4A50F-B7D4-4857-A07E-1DA259496570}.Release|x64.ActiveCfg = Release|x64
		{44C4A50F-B7D4-4857-A07E-1DA259496570}.Release|x64.Build.0 = Release|x64
		{44C4A50F-B7D4-4857-A07E-1DA259496570}.Release|x86.ActiveCfg = Release|Win32
		{44C4A50F-B7D4-4857-A07E-1DA259496570}.Release|x86.Build.0 = Release|Win32
		{C39DA0F3-02DA-4B32-89BF-5BA4E9A5D0B3}.Debug|x64.ActiveCfg = Debug|x64
		{C39DA0F3-02DA-4B32-89BF-5BA4E9A5D0B3}.Debug|x64.Build.0 = Debug|x64
		{C39DA0F3-02DA-4B32-89BF-5BA4E9A5D0B3}.Debug|x86.ActiveCfg = Debug|Win32
		{C39DA0F3-02DA-4B32-89BF-5BA4E9A5D0B3}.Debug|x86.Build.0 = Debug|Win32
		{C39DA0F3-02DA-4B32-89BF-5BA4E9A5D0B3}.Release|x64.ActiveCfg = Release|x64
		{C39DA0F3-02DA-4B32-89BF-5BA4E9A5D0B3}.Release|x64.Build.0 = Release|x64
		{C39DA0F3-02DA-4B32-89BF-5BA4E9A5D0B3}.Release|x86.ActiveCfg = Release|Win32
		{C39DA0F3-02DA-4B32-89BF-5BA4E9A5D0B3}.Release|x86.Build.0 = Release|Win32
		{BD60D8DE-7D91-48AB-93E6-A4DD0ACEF03F}.Debug|x64.ActiveCfg = Debug|x64
		{BD60D8DE-7D91-48AB-93E6-A4DD0ACEF03F}.Debug|x64.Build.0 = Debug|x64
		{BD60D8DE-7D91-48AB-93E6-A4DD0ACEF03F}.Debug|x86.ActiveCfg = Debug|Win32
		{BD60D8DE-7D91-48AB-93E6-A4DD0ACEF03F}.Debug|x86.Build.0 = Debug|Win32
		{BD60D8DE-7D91-48AB-93E6-A4DD0ACEF03F}.Release|x64.ActiveCfg = Release|x64
		{BD60D8DE-7D91-48AB-93E6-A4DD0ACEF03F}.Release|x64.Build.0 = Release|x64
		{BD60D8DE-7D91-48AB-93E6-A4DD0ACEF03F}.Release|x86.ActiveCfg = Release|Win32
		{BD60D8DE-7D91-48AB-93E6-A4DD0ACEF03F}.Release|x86.Build.0 = Release|Win32
	EndGlobalSection
	GlobalSection(SolutionProperties) = preSolution
		HideSolutionNode = FALSE
	EndGlobalSection
	GlobalSection(NestedProjects) = preSolution
		{B4BEC4CA-DDB4-42D9-8E6D-75542BD719BA} = {5EC49333-7D91-4572-8898-68C8FE3017C8}
		{53B7CF62-ED6D-43A8-A5EC-5FA4AAA2AC5E} = {5EC49333-7D91-4572-8898-68C8FE3017C8}
		{CD8E037E-7477-4AEE-B2C9-70D843571E22} = {5EC49333-7D91-4572-8898-68C8FE3017C8}
		{63970181-E2AE-4597-8348-D77A883D2836} = {3A4BD069-D05E-4903-8428-4F63B61CF1A2}
		{7DE519A8-36D3-4C2B-8FBA-A365DF222947} = {86569D5F-9374-4C4C-AA11-C085AFF01890}
		{ED233D84-548E-48CC-95D5-16F9469648B5} = {3A4BD069-D05E-4903-8428-4F63B61CF1A2}
		{65AB8CD4-B72D-4404-8D5C-E06E547DDF9A} = {86569D5F-9374-4C4C-AA11-C085AFF01890}
		{9C2AAC61-108D-486D-B798-3E1D93E5D4B4} = {86569D5F-9374-4C4C-AA11-C085AFF01890}
		{A5DD4C71-5910-4918-A30E-87266E9C7A77} = {3A4BD069-D05E-4903-8428-4F63B61CF1A2}
		{B63AA4B5-4B71-4CB3-8344-6F0D96A8497C} = {3A4BD069-D05E-4903-8428-4F63B61CF1A2}
		{018635B6-72D5-4FBC-B9A5-32F91A04FFCC} = {3A4BD069-D05E-4903-8428-4F63B61CF1A2}
		{A35CE2A0-2553-4F3E-9F64-885411667777} = {86569D5F-9374-4C4C-AA11-C085AFF01890}
		{CFE22AE2-3BE5-441A-9815-2429191D1FEE} = {5EC49333-7D91-4572-8898-68C8FE3017C8}
		{F1219327-ACAF-4A80-A48D-481043386EB3} = {3A4BD069-D05E-4903-8428-4F63B61CF1A2}
		{E94CF0BC-95E2-4806-9616-2737DE7DFE2F} = {5EC49333-7D91-4572-8898-68C8FE3017C8}
		{2B7BC3F9-D272-429D-9B0B-4D15A4383E9A} = {5EC49333-7D91-4572-8898-68C8FE3017C8}
		{AAFDB04A-BED4-4D4B-99A2-4126A2CC2451} = {86569D5F-9374-4C4C-AA11-C085AFF01890}
		{DAA08195-4EF6-4696-B97D-977634D43747} = {86569D5F-9374-4C4C-AA11-C085AFF01890}
		{97B4DD1C-2841-4C9D-AFB4-A21E300B09D9} = {3A4BD069-D05E-4903-8428-4F63B61CF1A2}
		{9317A970-40EA-4F79-89B1-440A08DC2407} = {5EC49333-7D91-4572-8898-68C8FE3017C8}
		{C01D339B-5BD5-4F9A-8A4F-E97D2A4D3C47} = {5EC49333-7D91-4572-8898-68C8FE3017C8}
		{0587CC9C-FF97-46FB-9103-1F00A3A0BC27} = {3A4BD069-D05E-4903-8428-4F63B61CF1A2}
		{3F1F6CAB-3DF7-46CD-A91D-498E735EDEA3} = {86569D5F-9374-4C4C-AA11-C085AFF01890}
		{C46269B6-6143-4340-A8AF-6DFD249DD56E} = {86569D5F-9374-4C4C-AA11-C085AFF01890}
		{C98EA9EB-4C27-4B71-A301-B6767A1DD8C9} = {3A4BD069-D05E-4903-8428-4F63B61CF1A2}
		{73A23406-1A12-43FA-AD40-4F075094D714} = {86569D5F-9374-4C4C-AA11-C085AFF01890}
		{6E300C91-A82B-40EF-84C4-93EC9634DB12} = {86569D5F-9374-4C4C-AA11-C085AFF01890}
		{94FC2E03-2AF3-424B-ABE9-245468D2F862} = {3A4BD069-D05E-4903-8428-4F63B61CF1A2}
		{44C4A50F-B7D4-4857-A07E-1DA259496570} = {86569D5F-9374-4C4C-AA11-C085AFF01890}
		{37D62EA3-55E1-43BD-97E1-C5D10939205A} = {3A4BD069-D05E-4903-8428-4F63B61CF1A2}
		{C72FD918-0DBD-4C63-913E-081E584F966E} = {3A4BD069-D05E-4903-8428-4F63B61CF1A2}
		{C39DA0F3-02DA-4B32-89BF-5BA4E9A5D0B3} = {86569D5F-9374-4C4C-AA11-C085AFF01890}
		{BD60D8DE-7D91-48AB-93E6-A4DD0ACEF03F} = {5EC49333-7D91-4572-8898-68C8FE3017C8}
	EndGlobalSection
	GlobalSection(ExtensibilityGlobals) = postSolution
		SolutionGuid = {9E7533E0-BF9A-48E7-BED1-4674D339A973}
	EndGlobalSection
EndGlobal
